
Microsoft Visual Studio Solution File, Format Version 12.00
Project("{FAE04EC0-301F-11D3-BF4B-00C04F79EFBC}") = "EventManager", "EventManager.csproj", "{0CCB68A8-31A5-446F-A947-26BD29E399AF}"
EndProject
Global
	GlobalSection(SolutionConfigurationPlatforms) = preSolution
		Debug|Any CPU = Debug|Any CPU
		Release|Any CPU = Release|Any CPU
	EndGlobalSection
	GlobalSection(ProjectConfigurationPlatforms) = postSolution
		{0CCB68A8-31A5-446F-A947-26BD29E399AF}.Debug|Any CPU.ActiveCfg = Debug|Any CPU
		{0CCB68A8-31A5-446F-A947-26BD29E399AF}.Debug|Any CPU.Build.0 = Debug|Any CPU
		{0CCB68A8-31A5-446F-A947-26BD29E399AF}.Release|Any CPU.ActiveCfg = Release|Any CPU
		{0CCB68A8-31A5-446F-A947-26BD29E399AF}.Release|Any CPU.Build.0 = Release|Any CPU
	EndGlobalSection
EndGlobal
